
Microsoft Visual Studio Solution File, Format Version 12.00
# Visual Studio Version 17
VisualStudioVersion = 17.5.002.0
MinimumVisualStudioVersion = 10.0.40219.1
Project("{9A19103F-16F7-4668-BE54-9A1E7A4F7556}") = "Fibonacci", "Fibonacci.csproj", "{7B69B143-A2CF-40EB-9281-09FC21DA4CA5}"
EndProject
Global
	GlobalSection(SolutionConfigurationPlatforms) = preSolution
		Debug|Any CPU = Debug|Any CPU
		Release|Any CPU = Release|Any CPU
	EndGlobalSection
	GlobalSection(ProjectConfigurationPlatforms) = postSolution
		{7B69B143-A2CF-40EB-9281-09FC21DA4CA5}.Debug|Any CPU.ActiveCfg = Debug|Any CPU
		{7B69B143-A2CF-40EB-9281-09FC21DA4CA5}.Debug|Any CPU.Build.0 = Debug|Any CPU
		{7B69B143-A2CF-40EB-9281-09FC21DA4CA5}.Release|Any CPU.ActiveCfg = Release|Any CPU
		{7B69B143-A2CF-40EB-9281-09FC21DA4CA5}.Release|Any CPU.Build.0 = Release|Any CPU
	EndGlobalSection
	GlobalSection(SolutionProperties) = preSolution
		HideSolutionNode = FALSE
	EndGlobalSection
	GlobalSection(ExtensibilityGlobals) = postSolution
		SolutionGuid = {AA749CAE-AB34-457E-92ED-07E2D360923E}
	EndGlobalSection
EndGlobal
