
Microsoft Visual Studio Solution File, Format Version 12.00
# Visual Studio Version 17
VisualStudioVersion = 17.5.002.0
MinimumVisualStudioVersion = 10.0.40219.1
Project("{9A19103F-16F7-4668-BE54-9A1E7A4F7556}") = "Anagrama", "Anagrama.csproj", "{2498736C-F25D-4BA6-A897-3796B402D1EF}"
EndProject
Global
	GlobalSection(SolutionConfigurationPlatforms) = preSolution
		Debug|Any CPU = Debug|Any CPU
		Release|Any CPU = Release|Any CPU
	EndGlobalSection
	GlobalSection(ProjectConfigurationPlatforms) = postSolution
		{2498736C-F25D-4BA6-A897-3796B402D1EF}.Debug|Any CPU.ActiveCfg = Debug|Any CPU
		{2498736C-F25D-4BA6-A897-3796B402D1EF}.Debug|Any CPU.Build.0 = Debug|Any CPU
		{2498736C-F25D-4BA6-A897-3796B402D1EF}.Release|Any CPU.ActiveCfg = Release|Any CPU
		{2498736C-F25D-4BA6-A897-3796B402D1EF}.Release|Any CPU.Build.0 = Release|Any CPU
	EndGlobalSection
	GlobalSection(SolutionProperties) = preSolution
		HideSolutionNode = FALSE
	EndGlobalSection
	GlobalSection(ExtensibilityGlobals) = postSolution
		SolutionGuid = {DB5FCB89-0F2E-4035-8DA0-2088538579D9}
	EndGlobalSection
EndGlobal
