
Microsoft Visual Studio Solution File, Format Version 12.00
# Visual Studio Version 17
VisualStudioVersion = 17.11.35327.3
MinimumVisualStudioVersion = 10.0.40219.1
Project("{9A19103F-16F7-4668-BE54-9A1E7A4F7556}") = "LINQ1", "LINQ\LINQ1.csproj", "{43C84C7A-636B-4752-ADD0-4A6C25D1D901}"
EndProject
Project("{9A19103F-16F7-4668-BE54-9A1E7A4F7556}") = "LINQ2", "LINQ2\LINQ2.csproj", "{74F7BA5C-F972-406A-9CDB-D33CE60EDEB8}"
EndProject
Project("{FAE04EC0-301F-11D3-BF4B-00C04F79EFBC}") = "LINQ3", "LINQ3\LINQ3.csproj", "{6424193D-D39D-4DBA-9D98-93524F673219}"
EndProject
Project("{FAE04EC0-301F-11D3-BF4B-00C04F79EFBC}") = "LINQ4", "LINQ4\LINQ4.csproj", "{43D53EE9-C655-4F8D-8FD1-95DEE67BCAFC}"
EndProject
Global
	GlobalSection(SolutionConfigurationPlatforms) = preSolution
		Debug|Any CPU = Debug|Any CPU
		Release|Any CPU = Release|Any CPU
	EndGlobalSection
	GlobalSection(ProjectConfigurationPlatforms) = postSolution
		{43C84C7A-636B-4752-ADD0-4A6C25D1D901}.Debug|Any CPU.ActiveCfg = Debug|Any CPU
		{43C84C7A-636B-4752-ADD0-4A6C25D1D901}.Debug|Any CPU.Build.0 = Debug|Any CPU
		{43C84C7A-636B-4752-ADD0-4A6C25D1D901}.Release|Any CPU.ActiveCfg = Release|Any CPU
		{43C84C7A-636B-4752-ADD0-4A6C25D1D901}.Release|Any CPU.Build.0 = Release|Any CPU
		{74F7BA5C-F972-406A-9CDB-D33CE60EDEB8}.Debug|Any CPU.ActiveCfg = Debug|Any CPU
		{74F7BA5C-F972-406A-9CDB-D33CE60EDEB8}.Debug|Any CPU.Build.0 = Debug|Any CPU
		{74F7BA5C-F972-406A-9CDB-D33CE60EDEB8}.Release|Any CPU.ActiveCfg = Release|Any CPU
		{74F7BA5C-F972-406A-9CDB-D33CE60EDEB8}.Release|Any CPU.Build.0 = Release|Any CPU
		{6424193D-D39D-4DBA-9D98-93524F673219}.Debug|Any CPU.ActiveCfg = Debug|Any CPU
		{6424193D-D39D-4DBA-9D98-93524F673219}.Debug|Any CPU.Build.0 = Debug|Any CPU
		{6424193D-D39D-4DBA-9D98-93524F673219}.Release|Any CPU.ActiveCfg = Release|Any CPU
		{6424193D-D39D-4DBA-9D98-93524F673219}.Release|Any CPU.Build.0 = Release|Any CPU
		{43D53EE9-C655-4F8D-8FD1-95DEE67BCAFC}.Debug|Any CPU.ActiveCfg = Debug|Any CPU
		{43D53EE9-C655-4F8D-8FD1-95DEE67BCAFC}.Debug|Any CPU.Build.0 = Debug|Any CPU
		{43D53EE9-C655-4F8D-8FD1-95DEE67BCAFC}.Release|Any CPU.ActiveCfg = Release|Any CPU
		{43D53EE9-C655-4F8D-8FD1-95DEE67BCAFC}.Release|Any CPU.Build.0 = Release|Any CPU
	EndGlobalSection
	GlobalSection(SolutionProperties) = preSolution
		HideSolutionNode = FALSE
	EndGlobalSection
	GlobalSection(ExtensibilityGlobals) = postSolution
		SolutionGuid = {ECB723B7-C693-4BE3-951D-5EFC0781F10C}
	EndGlobalSection
EndGlobal
