
Microsoft Visual Studio Solution File, Format Version 12.00
# Visual Studio Version 17
VisualStudioVersion = 17.5.002.0
MinimumVisualStudioVersion = 10.0.40219.1
Project("{9A19103F-16F7-4668-BE54-9A1E7A4F7556}") = "Sets", "Sets.csproj", "{271ED916-448A-47DF-BD32-3942B4C8F827}"
EndProject
Global
	GlobalSection(SolutionConfigurationPlatforms) = preSolution
		Debug|Any CPU = Debug|Any CPU
		Release|Any CPU = Release|Any CPU
	EndGlobalSection
	GlobalSection(ProjectConfigurationPlatforms) = postSolution
		{271ED916-448A-47DF-BD32-3942B4C8F827}.Debug|Any CPU.ActiveCfg = Debug|Any CPU
		{271ED916-448A-47DF-BD32-3942B4C8F827}.Debug|Any CPU.Build.0 = Debug|Any CPU
		{271ED916-448A-47DF-BD32-3942B4C8F827}.Release|Any CPU.ActiveCfg = Release|Any CPU
		{271ED916-448A-47DF-BD32-3942B4C8F827}.Release|Any CPU.Build.0 = Release|Any CPU
	EndGlobalSection
	GlobalSection(SolutionProperties) = preSolution
		HideSolutionNode = FALSE
	EndGlobalSection
	GlobalSection(ExtensibilityGlobals) = postSolution
		SolutionGuid = {2AFABCB2-396A-4CBB-B0B1-01523C76FCA9}
	EndGlobalSection
EndGlobal
