
Microsoft Visual Studio Solution File, Format Version 12.00
# Visual Studio Version 17
VisualStudioVersion = 17.5.002.0
MinimumVisualStudioVersion = 10.0.40219.1
Project("{9A19103F-16F7-4668-BE54-9A1E7A4F7556}") = "OrthogonalVector", "OrthogonalVector.csproj", "{A7D3AD8E-559C-4730-B8B5-1500E2A8EB75}"
EndProject
Global
	GlobalSection(SolutionConfigurationPlatforms) = preSolution
		Debug|Any CPU = Debug|Any CPU
		Release|Any CPU = Release|Any CPU
	EndGlobalSection
	GlobalSection(ProjectConfigurationPlatforms) = postSolution
		{A7D3AD8E-559C-4730-B8B5-1500E2A8EB75}.Debug|Any CPU.ActiveCfg = Debug|Any CPU
		{A7D3AD8E-559C-4730-B8B5-1500E2A8EB75}.Debug|Any CPU.Build.0 = Debug|Any CPU
		{A7D3AD8E-559C-4730-B8B5-1500E2A8EB75}.Release|Any CPU.ActiveCfg = Release|Any CPU
		{A7D3AD8E-559C-4730-B8B5-1500E2A8EB75}.Release|Any CPU.Build.0 = Release|Any CPU
	EndGlobalSection
	GlobalSection(SolutionProperties) = preSolution
		HideSolutionNode = FALSE
	EndGlobalSection
	GlobalSection(ExtensibilityGlobals) = postSolution
		SolutionGuid = {48445B41-38DB-4C4A-B815-A70469059AE9}
	EndGlobalSection
EndGlobal
