
Microsoft Visual Studio Solution File, Format Version 12.00
# Visual Studio Version 17
VisualStudioVersion = 17.6.33723.286
MinimumVisualStudioVersion = 10.0.40219.1
Project("{FAE04EC0-301F-11D3-BF4B-00C04F79EFBC}") = "DataBase", "DataBase\DataBase.csproj", "{791B61C0-A967-4C3B-9B6A-729488515FB2}"
EndProject
Project("{FAE04EC0-301F-11D3-BF4B-00C04F79EFBC}") = "LINQ2", "..\Prueba\LINQ2.csproj", "{A01209D6-3AB9-42FD-89C9-5877EFFA5BA7}"
EndProject
Project("{FAE04EC0-301F-11D3-BF4B-00C04F79EFBC}") = "DataBase2", "..\DataBase2\DataBase2.csproj", "{73B010DD-58BF-46E5-B850-A57620BCAB9F}"
EndProject
Project("{FAE04EC0-301F-11D3-BF4B-00C04F79EFBC}") = "EntityFramework", "..\EntityFramework\EntityFramework.csproj", "{D0907F11-CE0A-4674-B310-95371D734147}"
EndProject
Global
	GlobalSection(SolutionConfigurationPlatforms) = preSolution
		Debug|Any CPU = Debug|Any CPU
		Debug|ARM = Debug|ARM
		Debug|ARM64 = Debug|ARM64
		Debug|x64 = Debug|x64
		Debug|x86 = Debug|x86
		Release|Any CPU = Release|Any CPU
		Release|ARM = Release|ARM
		Release|ARM64 = Release|ARM64
		Release|x64 = Release|x64
		Release|x86 = Release|x86
	EndGlobalSection
	GlobalSection(ProjectConfigurationPlatforms) = postSolution
		{791B61C0-A967-4C3B-9B6A-729488515FB2}.Debug|Any CPU.ActiveCfg = Debug|Any CPU
		{791B61C0-A967-4C3B-9B6A-729488515FB2}.Debug|Any CPU.Build.0 = Debug|Any CPU
		{791B61C0-A967-4C3B-9B6A-729488515FB2}.Debug|ARM.ActiveCfg = Debug|Any CPU
		{791B61C0-A967-4C3B-9B6A-729488515FB2}.Debug|ARM.Build.0 = Debug|Any CPU
		{791B61C0-A967-4C3B-9B6A-729488515FB2}.Debug|ARM64.ActiveCfg = Debug|Any CPU
		{791B61C0-A967-4C3B-9B6A-729488515FB2}.Debug|ARM64.Build.0 = Debug|Any CPU
		{791B61C0-A967-4C3B-9B6A-729488515FB2}.Debug|x64.ActiveCfg = Debug|Any CPU
		{791B61C0-A967-4C3B-9B6A-729488515FB2}.Debug|x64.Build.0 = Debug|Any CPU
		{791B61C0-A967-4C3B-9B6A-729488515FB2}.Debug|x86.ActiveCfg = Debug|Any CPU
		{791B61C0-A967-4C3B-9B6A-729488515FB2}.Debug|x86.Build.0 = Debug|Any CPU
		{791B61C0-A967-4C3B-9B6A-729488515FB2}.Release|Any CPU.ActiveCfg = Release|Any CPU
		{791B61C0-A967-4C3B-9B6A-729488515FB2}.Release|Any CPU.Build.0 = Release|Any CPU
		{791B61C0-A967-4C3B-9B6A-729488515FB2}.Release|ARM.ActiveCfg = Release|Any CPU
		{791B61C0-A967-4C3B-9B6A-729488515FB2}.Release|ARM.Build.0 = Release|Any CPU
		{791B61C0-A967-4C3B-9B6A-729488515FB2}.Release|ARM64.ActiveCfg = Release|Any CPU
		{791B61C0-A967-4C3B-9B6A-729488515FB2}.Release|ARM64.Build.0 = Release|Any CPU
		{791B61C0-A967-4C3B-9B6A-729488515FB2}.Release|x64.ActiveCfg = Release|Any CPU
		{791B61C0-A967-4C3B-9B6A-729488515FB2}.Release|x64.Build.0 = Release|Any CPU
		{791B61C0-A967-4C3B-9B6A-729488515FB2}.Release|x86.ActiveCfg = Release|Any CPU
		{791B61C0-A967-4C3B-9B6A-729488515FB2}.Release|x86.Build.0 = Release|Any CPU
		{A01209D6-3AB9-42FD-89C9-5877EFFA5BA7}.Debug|Any CPU.ActiveCfg = Debug|Any CPU
		{A01209D6-3AB9-42FD-89C9-5877EFFA5BA7}.Debug|Any CPU.Build.0 = Debug|Any CPU
		{A01209D6-3AB9-42FD-89C9-5877EFFA5BA7}.Debug|ARM.ActiveCfg = Debug|Any CPU
		{A01209D6-3AB9-42FD-89C9-5877EFFA5BA7}.Debug|ARM.Build.0 = Debug|Any CPU
		{A01209D6-3AB9-42FD-89C9-5877EFFA5BA7}.Debug|ARM64.ActiveCfg = Debug|Any CPU
		{A01209D6-3AB9-42FD-89C9-5877EFFA5BA7}.Debug|ARM64.Build.0 = Debug|Any CPU
		{A01209D6-3AB9-42FD-89C9-5877EFFA5BA7}.Debug|x64.ActiveCfg = Debug|Any CPU
		{A01209D6-3AB9-42FD-89C9-5877EFFA5BA7}.Debug|x64.Build.0 = Debug|Any CPU
		{A01209D6-3AB9-42FD-89C9-5877EFFA5BA7}.Debug|x86.ActiveCfg = Debug|Any CPU
		{A01209D6-3AB9-42FD-89C9-5877EFFA5BA7}.Debug|x86.Build.0 = Debug|Any CPU
		{A01209D6-3AB9-42FD-89C9-5877EFFA5BA7}.Release|Any CPU.ActiveCfg = Release|Any CPU
		{A01209D6-3AB9-42FD-89C9-5877EFFA5BA7}.Release|Any CPU.Build.0 = Release|Any CPU
		{A01209D6-3AB9-42FD-89C9-5877EFFA5BA7}.Release|ARM.ActiveCfg = Release|Any CPU
		{A01209D6-3AB9-42FD-89C9-5877EFFA5BA7}.Release|ARM.Build.0 = Release|Any CPU
		{A01209D6-3AB9-42FD-89C9-5877EFFA5BA7}.Release|ARM64.ActiveCfg = Release|Any CPU
		{A01209D6-3AB9-42FD-89C9-5877EFFA5BA7}.Release|ARM64.Build.0 = Release|Any CPU
		{A01209D6-3AB9-42FD-89C9-5877EFFA5BA7}.Release|x64.ActiveCfg = Release|Any CPU
		{A01209D6-3AB9-42FD-89C9-5877EFFA5BA7}.Release|x64.Build.0 = Release|Any CPU
		{A01209D6-3AB9-42FD-89C9-5877EFFA5BA7}.Release|x86.ActiveCfg = Release|Any CPU
		{A01209D6-3AB9-42FD-89C9-5877EFFA5BA7}.Release|x86.Build.0 = Release|Any CPU
		{73B010DD-58BF-46E5-B850-A57620BCAB9F}.Debug|Any CPU.ActiveCfg = Debug|Any CPU
		{73B010DD-58BF-46E5-B850-A57620BCAB9F}.Debug|Any CPU.Build.0 = Debug|Any CPU
		{73B010DD-58BF-46E5-B850-A57620BCAB9F}.Debug|ARM.ActiveCfg = Debug|Any CPU
		{73B010DD-58BF-46E5-B850-A57620BCAB9F}.Debug|ARM.Build.0 = Debug|Any CPU
		{73B010DD-58BF-46E5-B850-A57620BCAB9F}.Debug|ARM64.ActiveCfg = Debug|Any CPU
		{73B010DD-58BF-46E5-B850-A57620BCAB9F}.Debug|ARM64.Build.0 = Debug|Any CPU
		{73B010DD-58BF-46E5-B850-A57620BCAB9F}.Debug|x64.ActiveCfg = Debug|Any CPU
		{73B010DD-58BF-46E5-B850-A57620BCAB9F}.Debug|x64.Build.0 = Debug|Any CPU
		{73B010DD-58BF-46E5-B850-A57620BCAB9F}.Debug|x86.ActiveCfg = Debug|Any CPU
		{73B010DD-58BF-46E5-B850-A57620BCAB9F}.Debug|x86.Build.0 = Debug|Any CPU
		{73B010DD-58BF-46E5-B850-A57620BCAB9F}.Release|Any CPU.ActiveCfg = Release|Any CPU
		{73B010DD-58BF-46E5-B850-A57620BCAB9F}.Release|Any CPU.Build.0 = Release|Any CPU
		{73B010DD-58BF-46E5-B850-A57620BCAB9F}.Release|ARM.ActiveCfg = Release|Any CPU
		{73B010DD-58BF-46E5-B850-A57620BCAB9F}.Release|ARM.Build.0 = Release|Any CPU
		{73B010DD-58BF-46E5-B850-A57620BCAB9F}.Release|ARM64.ActiveCfg = Release|Any CPU
		{73B010DD-58BF-46E5-B850-A57620BCAB9F}.Release|ARM64.Build.0 = Release|Any CPU
		{73B010DD-58BF-46E5-B850-A57620BCAB9F}.Release|x64.ActiveCfg = Release|Any CPU
		{73B010DD-58BF-46E5-B850-A57620BCAB9F}.Release|x64.Build.0 = Release|Any CPU
		{73B010DD-58BF-46E5-B850-A57620BCAB9F}.Release|x86.ActiveCfg = Release|Any CPU
		{73B010DD-58BF-46E5-B850-A57620BCAB9F}.Release|x86.Build.0 = Release|Any CPU
		{D0907F11-CE0A-4674-B310-95371D734147}.Debug|Any CPU.ActiveCfg = Debug|Any CPU
		{D0907F11-CE0A-4674-B310-95371D734147}.Debug|Any CPU.Build.0 = Debug|Any CPU
		{D0907F11-CE0A-4674-B310-95371D734147}.Debug|ARM.ActiveCfg = Debug|Any CPU
		{D0907F11-CE0A-4674-B310-95371D734147}.Debug|ARM.Build.0 = Debug|Any CPU
		{D0907F11-CE0A-4674-B310-95371D734147}.Debug|ARM64.ActiveCfg = Debug|Any CPU
		{D0907F11-CE0A-4674-B310-95371D734147}.Debug|ARM64.Build.0 = Debug|Any CPU
		{D0907F11-CE0A-4674-B310-95371D734147}.Debug|x64.ActiveCfg = Debug|Any CPU
		{D0907F11-CE0A-4674-B310-95371D734147}.Debug|x64.Build.0 = Debug|Any CPU
		{D0907F11-CE0A-4674-B310-95371D734147}.Debug|x86.ActiveCfg = Debug|Any CPU
		{D0907F11-CE0A-4674-B310-95371D734147}.Debug|x86.Build.0 = Debug|Any CPU
		{D0907F11-CE0A-4674-B310-95371D734147}.Release|Any CPU.ActiveCfg = Release|Any CPU
		{D0907F11-CE0A-4674-B310-95371D734147}.Release|Any CPU.Build.0 = Release|Any CPU
		{D0907F11-CE0A-4674-B310-95371D734147}.Release|ARM.ActiveCfg = Release|Any CPU
		{D0907F11-CE0A-4674-B310-95371D734147}.Release|ARM.Build.0 = Release|Any CPU
		{D0907F11-CE0A-4674-B310-95371D734147}.Release|ARM64.ActiveCfg = Release|Any CPU
		{D0907F11-CE0A-4674-B310-95371D734147}.Release|ARM64.Build.0 = Release|Any CPU
		{D0907F11-CE0A-4674-B310-95371D734147}.Release|x64.ActiveCfg = Release|Any CPU
		{D0907F11-CE0A-4674-B310-95371D734147}.Release|x64.Build.0 = Release|Any CPU
		{D0907F11-CE0A-4674-B310-95371D734147}.Release|x86.ActiveCfg = Release|Any CPU
		{D0907F11-CE0A-4674-B310-95371D734147}.Release|x86.Build.0 = Release|Any CPU
	EndGlobalSection
	GlobalSection(SolutionProperties) = preSolution
		HideSolutionNode = FALSE
	EndGlobalSection
	GlobalSection(ExtensibilityGlobals) = postSolution
		SolutionGuid = {EE982D4A-9AEB-4BE6-8583-A0849EEEFC22}
	EndGlobalSection
EndGlobal
