
Microsoft Visual Studio Solution File, Format Version 12.00
# Visual Studio Version 17
VisualStudioVersion = 17.11.35327.3
MinimumVisualStudioVersion = 10.0.40219.1
Project("{9A19103F-16F7-4668-BE54-9A1E7A4F7556}") = "Backend", "Backend.csproj", "{F4A369D8-BAA8-49EA-ABD6-F65933D69337}"
EndProject
Global
	GlobalSection(SolutionConfigurationPlatforms) = preSolution
		Debug|Any CPU = Debug|Any CPU
		Release|Any CPU = Release|Any CPU
	EndGlobalSection
	GlobalSection(ProjectConfigurationPlatforms) = postSolution
		{F4A369D8-BAA8-49EA-ABD6-F65933D69337}.Debug|Any CPU.ActiveCfg = Debug|Any CPU
		{F4A369D8-BAA8-49EA-ABD6-F65933D69337}.Debug|Any CPU.Build.0 = Debug|Any CPU
		{F4A369D8-BAA8-49EA-ABD6-F65933D69337}.Release|Any CPU.ActiveCfg = Release|Any CPU
		{F4A369D8-BAA8-49EA-ABD6-F65933D69337}.Release|Any CPU.Build.0 = Release|Any CPU
	EndGlobalSection
	GlobalSection(SolutionProperties) = preSolution
		HideSolutionNode = FALSE
	EndGlobalSection
	GlobalSection(ExtensibilityGlobals) = postSolution
		SolutionGuid = {E8824E4D-A379-419D-91D4-F9F39F312E92}
	EndGlobalSection
EndGlobal
