
Microsoft Visual Studio Solution File, Format Version 12.00
# Visual Studio Version 17
VisualStudioVersion = 17.5.002.0
MinimumVisualStudioVersion = 10.0.40219.1
Project("{9A19103F-16F7-4668-BE54-9A1E7A4F7556}") = "PoligonArea", "PoligonArea.csproj", "{0320945A-09F1-4205-BD7D-72634E9DFA55}"
EndProject
Global
	GlobalSection(SolutionConfigurationPlatforms) = preSolution
		Debug|Any CPU = Debug|Any CPU
		Release|Any CPU = Release|Any CPU
	EndGlobalSection
	GlobalSection(ProjectConfigurationPlatforms) = postSolution
		{0320945A-09F1-4205-BD7D-72634E9DFA55}.Debug|Any CPU.ActiveCfg = Debug|Any CPU
		{0320945A-09F1-4205-BD7D-72634E9DFA55}.Debug|Any CPU.Build.0 = Debug|Any CPU
		{0320945A-09F1-4205-BD7D-72634E9DFA55}.Release|Any CPU.ActiveCfg = Release|Any CPU
		{0320945A-09F1-4205-BD7D-72634E9DFA55}.Release|Any CPU.Build.0 = Release|Any CPU
	EndGlobalSection
	GlobalSection(SolutionProperties) = preSolution
		HideSolutionNode = FALSE
	EndGlobalSection
	GlobalSection(ExtensibilityGlobals) = postSolution
		SolutionGuid = {E58E5597-F84E-414D-BAD7-8F7166FB4609}
	EndGlobalSection
EndGlobal
